
Microsoft Visual Studio Solution File, Format Version 12.00
# Visual Studio Version 16
VisualStudioVersion = 16.0.29806.167
MinimumVisualStudioVersion = 15.0.26124.0
Project("{9A19103F-16F7-4668-BE54-9A1E7A4F7556}") = "IotHub.Agent", "src\IotHub.Agent\IotHub.Agent.csproj", "{2575FE18-47E1-4896-A703-5302AC975321}"
EndProject
Project("{9A19103F-16F7-4668-BE54-9A1E7A4F7556}") = "IotHub.API", "src\IotHub.API\IotHub.API.csproj", "{55144577-9579-4767-B2F5-5871DAE6A124}"
EndProject
Project("{9A19103F-16F7-4668-BE54-9A1E7A4F7556}") = "IotHub.Broker", "src\IotHub.Broker\IotHub.Broker.csproj", "{32B2CF53-4574-456C-BB05-310E0C75E0D0}"
EndProject
Project("{9A19103F-16F7-4668-BE54-9A1E7A4F7556}") = "IotHub.Common", "src\IotHub.Common\IotHub.Common.csproj", "{183E80E0-1505-4A62-B10D-87BE0E62B4E7}"
EndProject
Project("{9A19103F-16F7-4668-BE54-9A1E7A4F7556}") = "IotHub.DataTransferObjects", "src\IotHub.DataTransferObjects\IotHub.DataTransferObjects.csproj", "{2D84BF8B-4965-4E63-A935-B530CE932AC6}"
EndProject
Project("{9A19103F-16F7-4668-BE54-9A1E7A4F7556}") = "IotHub.DB", "src\IotHub.DB\IotHub.DB.csproj", "{862B2F1E-D85A-4624-A182-B782F546D098}"
EndProject
Project("{9A19103F-16F7-4668-BE54-9A1E7A4F7556}") = "IotHub.DomainModels", "src\IotHub.DomainModels\IotHub.DomainModels.csproj", "{2C6FE7FF-2990-4494-BD34-713B8E7ED1E8}"
EndProject
Project("{9A19103F-16F7-4668-BE54-9A1E7A4F7556}") = "IotHub.Repositories", "src\IotHub.Repositories\IotHub.Repositories.csproj", "{642F2C62-8332-4300-8B59-7E2AFD7D9FCC}"
EndProject
Project("{9A19103F-16F7-4668-BE54-9A1E7A4F7556}") = "IotHub.Services", "src\IotHub.Services\IotHub.Services.csproj", "{FB2D1B3F-367F-4BD1-A7BF-4E9747CAE9C9}"
EndProject
Project("{2150E333-8FDC-42A3-9474-1A3956D46DE8}") = "Solution Items", "Solution Items", "{003627C4-0142-4A2D-AB2C-5088E11680C7}"
	ProjectSection(SolutionItems) = preProject
		sharedSettings.json = sharedSettings.json
	EndProjectSection
EndProject
Global
	GlobalSection(SolutionConfigurationPlatforms) = preSolution
		Debug|Any CPU = Debug|Any CPU
		Release|Any CPU = Release|Any CPU
	EndGlobalSection
	GlobalSection(ProjectConfigurationPlatforms) = postSolution
		{2575FE18-47E1-4896-A703-5302AC975321}.Debug|Any CPU.ActiveCfg = Debug|Any CPU
		{2575FE18-47E1-4896-A703-5302AC975321}.Debug|Any CPU.Build.0 = Debug|Any CPU
		{2575FE18-47E1-4896-A703-5302AC975321}.Release|Any CPU.ActiveCfg = Release|Any CPU
		{2575FE18-47E1-4896-A703-5302AC975321}.Release|Any CPU.Build.0 = Release|Any CPU
		{55144577-9579-4767-B2F5-5871DAE6A124}.Debug|Any CPU.ActiveCfg = Debug|Any CPU
		{55144577-9579-4767-B2F5-5871DAE6A124}.Debug|Any CPU.Build.0 = Debug|Any CPU
		{55144577-9579-4767-B2F5-5871DAE6A124}.Release|Any CPU.ActiveCfg = Release|Any CPU
		{55144577-9579-4767-B2F5-5871DAE6A124}.Release|Any CPU.Build.0 = Release|Any CPU
		{32B2CF53-4574-456C-BB05-310E0C75E0D0}.Debug|Any CPU.ActiveCfg = Debug|Any CPU
		{32B2CF53-4574-456C-BB05-310E0C75E0D0}.Debug|Any CPU.Build.0 = Debug|Any CPU
		{32B2CF53-4574-456C-BB05-310E0C75E0D0}.Release|Any CPU.ActiveCfg = Release|Any CPU
		{32B2CF53-4574-456C-BB05-310E0C75E0D0}.Release|Any CPU.Build.0 = Release|Any CPU
		{183E80E0-1505-4A62-B10D-87BE0E62B4E7}.Debug|Any CPU.ActiveCfg = Debug|Any CPU
		{183E80E0-1505-4A62-B10D-87BE0E62B4E7}.Debug|Any CPU.Build.0 = Debug|Any CPU
		{183E80E0-1505-4A62-B10D-87BE0E62B4E7}.Release|Any CPU.ActiveCfg = Release|Any CPU
		{183E80E0-1505-4A62-B10D-87BE0E62B4E7}.Release|Any CPU.Build.0 = Release|Any CPU
		{2D84BF8B-4965-4E63-A935-B530CE932AC6}.Debug|Any CPU.ActiveCfg = Debug|Any CPU
		{2D84BF8B-4965-4E63-A935-B530CE932AC6}.Debug|Any CPU.Build.0 = Debug|Any CPU
		{2D84BF8B-4965-4E63-A935-B530CE932AC6}.Release|Any CPU.ActiveCfg = Release|Any CPU
		{2D84BF8B-4965-4E63-A935-B530CE932AC6}.Release|Any CPU.Build.0 = Release|Any CPU
		{862B2F1E-D85A-4624-A182-B782F546D098}.Debug|Any CPU.ActiveCfg = Debug|Any CPU
		{862B2F1E-D85A-4624-A182-B782F546D098}.Debug|Any CPU.Build.0 = Debug|Any CPU
		{862B2F1E-D85A-4624-A182-B782F546D098}.Release|Any CPU.ActiveCfg = Release|Any CPU
		{862B2F1E-D85A-4624-A182-B782F546D098}.Release|Any CPU.Build.0 = Release|Any CPU
		{2C6FE7FF-2990-4494-BD34-713B8E7ED1E8}.Debug|Any CPU.ActiveCfg = Debug|Any CPU
		{2C6FE7FF-2990-4494-BD34-713B8E7ED1E8}.Debug|Any CPU.Build.0 = Debug|Any CPU
		{2C6FE7FF-2990-4494-BD34-713B8E7ED1E8}.Release|Any CPU.ActiveCfg = Release|Any CPU
		{2C6FE7FF-2990-4494-BD34-713B8E7ED1E8}.Release|Any CPU.Build.0 = Release|Any CPU
		{642F2C62-8332-4300-8B59-7E2AFD7D9FCC}.Debug|Any CPU.ActiveCfg = Debug|Any CPU
		{642F2C62-8332-4300-8B59-7E2AFD7D9FCC}.Debug|Any CPU.Build.0 = Debug|Any CPU
		{642F2C62-8332-4300-8B59-7E2AFD7D9FCC}.Release|Any CPU.ActiveCfg = Release|Any CPU
		{642F2C62-8332-4300-8B59-7E2AFD7D9FCC}.Release|Any CPU.Build.0 = Release|Any CPU
		{FB2D1B3F-367F-4BD1-A7BF-4E9747CAE9C9}.Debug|Any CPU.ActiveCfg = Debug|Any CPU
		{FB2D1B3F-367F-4BD1-A7BF-4E9747CAE9C9}.Debug|Any CPU.Build.0 = Debug|Any CPU
		{FB2D1B3F-367F-4BD1-A7BF-4E9747CAE9C9}.Release|Any CPU.ActiveCfg = Release|Any CPU
		{FB2D1B3F-367F-4BD1-A7BF-4E9747CAE9C9}.Release|Any CPU.Build.0 = Release|Any CPU
	EndGlobalSection
	GlobalSection(SolutionProperties) = preSolution
		HideSolutionNode = FALSE
	EndGlobalSection
	GlobalSection(ExtensibilityGlobals) = postSolution
		SolutionGuid = {1E26D54E-5F82-4511-B8C7-FCBC1F31B365}
	EndGlobalSection
EndGlobal
